
Microsoft Visual Studio Solution File, Format Version 12.00
# Visual Studio Version 17
VisualStudioVersion = 17.3.32922.545
MinimumVisualStudioVersion = 10.0.40219.1
Project("{FAE04EC0-301F-11D3-BF4B-00C04F79EFBC}") = "GymLab", "GymLab\GymLab.csproj", "{1FB929EB-0AF2-4DF1-B627-3284B9A6C0EF}"
EndProject
Global
	GlobalSection(SolutionConfigurationPlatforms) = preSolution
		Debug|Any CPU = Debug|Any CPU
		Release|Any CPU = Release|Any CPU
	EndGlobalSection
	GlobalSection(ProjectConfigurationPlatforms) = postSolution
		{1FB929EB-0AF2-4DF1-B627-3284B9A6C0EF}.Debug|Any CPU.ActiveCfg = Debug|Any CPU
		{1FB929EB-0AF2-4DF1-B627-3284B9A6C0EF}.Debug|Any CPU.Build.0 = Debug|Any CPU
		{1FB929EB-0AF2-4DF1-B627-3284B9A6C0EF}.Release|Any CPU.ActiveCfg = Release|Any CPU
		{1FB929EB-0AF2-4DF1-B627-3284B9A6C0EF}.Release|Any CPU.Build.0 = Release|Any CPU
	EndGlobalSection
	GlobalSection(SolutionProperties) = preSolution
		HideSolutionNode = FALSE
	EndGlobalSection
	GlobalSection(ExtensibilityGlobals) = postSolution
		SolutionGuid = {3C5EA047-E71C-43ED-88BF-848E0BDF750C}
	EndGlobalSection
EndGlobal
